// !$*UTF8*$!
{
	archiveVersion = 1;
	classes = {
	};
	objectVersion = 46;
	objects = {

/* Begin PBXBuildFile section */
		A0600A0C19FAB0D50007D1D9 /* AppDelegate.swift in Sources */ = {isa = PBXBuildFile; fileRef = A0600A0B19FAB0D50007D1D9 /* AppDelegate.swift */; };
		A0600A0E19FAB0D50007D1D9 /* ViewController.swift in Sources */ = {isa = PBXBuildFile; fileRef = A0600A0D19FAB0D50007D1D9 /* ViewController.swift */; };
		A0600A1119FAB0D50007D1D9 /* Main.storyboard in Resources */ = {isa = PBXBuildFile; fileRef = A0600A0F19FAB0D50007D1D9 /* Main.storyboard */; };
		A0600A1319FAB0D50007D1D9 /* Images.xcassets in Resources */ = {isa = PBXBuildFile; fileRef = A0600A1219FAB0D50007D1D9 /* Images.xcassets */; };
		A0600A1619FAB0D50007D1D9 /* LaunchScreen.xib in Resources */ = {isa = PBXBuildFile; fileRef = A0600A1419FAB0D50007D1D9 /* LaunchScreen.xib */; };
		A0600A2219FAB0D50007D1D9 /* beautyGirlTests.swift in Sources */ = {isa = PBXBuildFile; fileRef = A0600A2119FAB0D50007D1D9 /* beautyGirlTests.swift */; };
/* End PBXBuildFile section */

/* Begin PBXContainerItemProxy section */
		A0600A1C19FAB0D50007D1D9 /* PBXContainerItemProxy */ = {
			isa = PBXContainerItemProxy;
			containerPortal = A06009FE19FAB0D50007D1D9 /* Project object */;
			proxyType = 1;
			remoteGlobalIDString = A0600A0519FAB0D50007D1D9;
			remoteInfo = beautyGirl;
		};
/* End PBXContainerItemProxy section */

/* Begin PBXFileReference section */
		A0600A0619FAB0D50007D1D9 /* beautyGirl.app */ = {isa = PBXFileReference; explicitFileType = wrapper.application; includeInIndex = 0; path = beautyGirl.app; sourceTree = BUILT_PRODUCTS_DIR; };
		A0600A0A19FAB0D50007D1D9 /* Info.plist */ = {isa = PBXFileReference; lastKnownFileType = text.plist.xml; path = Info.plist; sourceTree = "<group>"; };
		A0600A0B19FAB0D50007D1D9 /* AppDelegate.swift */ = {isa = PBXFileReference; lastKnownFileType = sourcecode.swift; path = AppDelegate.swift; sourceTree = "<group>"; };
		A0600A0D19FAB0D50007D1D9 /* ViewController.swift */ = {isa = PBXFileReference; lastKnownFileType = sourcecode.swift; path = ViewController.swift; sourceTree = "<group>"; };
		A0600A1019FAB0D50007D1D9 /* Base */ = {isa = PBXFileReference; lastKnownFileType = file.storyboard; name = Base; path = Base.lproj/Main.storyboard; sourceTree = "<group>"; };
		A0600A1219FAB0D50007D1D9 /* Images.xcassets */ = {isa = PBXFileReference; lastKnownFileType = folder.assetcatalog; path = Images.xcassets; sourceTree = "<group>"; };
		A0600A1519FAB0D50007D1D9 /* Base */ = {isa = PBXFileReference; lastKnownFileType = file.xib; name = Base; path = Base.lproj/LaunchScreen.xib; sourceTree = "<group>"; };
		A0600A1B19FAB0D50007D1D9 /* beautyGirlTests.xctest */ = {isa = PBXFileReference; explicitFileType = wrapper.cfbundle; includeInIndex = 0; path = beautyGirlTests.xctest; sourceTree = BUILT_PRODUCTS_DIR; };
		A0600A2019FAB0D50007D1D9 /* Info.plist */ = {isa = PBXFileReference; lastKnownFileType = text.plist.xml; path = Info.plist; sourceTree = "<group>"; };
		A0600A2119FAB0D50007D1D9 /* beautyGirlTests.swift */ = {isa = PBXFileReference; lastKnownFileType = sourcecode.swift; path = beautyGirlTests.swift; sourceTree = "<group>"; };
/* End PBXFileReference section */

/* Begin PBXFrameworksBuildPhase section */
		A0600A0319FAB0D50007D1D9 /* Frameworks */ = {
			isa = PBXFrameworksBuildPhase;
			buildActionMask = 2147483647;
			files = (
			);
			runOnlyForDeploymentPostprocessing = 0;
		};
		A0600A1819FAB0D50007D1D9 /* Frameworks */ = {
			isa = PBXFrameworksBuildPhase;
			buildActionMask = 2147483647;
			files = (
			);
			runOnlyForDeploymentPostprocessing = 0;
		};
/* End PBXFrameworksBuildPhase section */

/* Begin PBXGroup section */
		A06009FD19FAB0D50007D1D9 = {
			isa = PBXGroup;
			children = (
				A0600A0819FAB0D50007D1D9 /* beautyGirl */,
				A0600A1E19FAB0D50007D1D9 /* beautyGirlTests */,
				A0600A0719FAB0D50007D1D9 /* Products */,
			);
			sourceTree = "<group>";
		};
		A0600A0719FAB0D50007D1D9 /* Products */ = {
			isa = PBXGroup;
			children = (
				A0600A0619FAB0D50007D1D9 /* beautyGirl.app */,
				A0600A1B19FAB0D50007D1D9 /* beautyGirlTests.xctest */,
			);
			name = Products;
			sourceTree = "<group>";
		};
		A0600A0819FAB0D50007D1D9 /* beautyGirl */ = {
			isa = PBXGroup;
			children = (
				A0600A0B19FAB0D50007D1D9 /* AppDelegate.swift */,
				A0600A0D19FAB0D50007D1D9 /* ViewController.swift */,
				A0600A0F19FAB0D50007D1D9 /* Main.storyboard */,
				A0600A1219FAB0D50007D1D9 /* Images.xcassets */,
				A0600A1419FAB0D50007D1D9 /* LaunchScreen.xib */,
				A0600A0919FAB0D50007D1D9 /* Supporting Files */,
			);
			path = beautyGirl;
			sourceTree = "<group>";
		};
		A0600A0919FAB0D50007D1D9 /* Supporting Files */ = {
			isa = PBXGroup;
			children = (
				A0600A0A19FAB0D50007D1D9 /* Info.plist */,
			);
			name = "Supporting Files";
			sourceTree = "<group>";
		};
		A0600A1E19FAB0D50007D1D9 /* beautyGirlTests */ = {
			isa = PBXGroup;
			children = (
				A0600A2119FAB0D50007D1D9 /* beautyGirlTests.swift */,
				A0600A1F19FAB0D50007D1D9 /* Supporting Files */,
			);
			path = beautyGirlTests;
			sourceTree = "<group>";
		};
		A0600A1F19FAB0D50007D1D9 /* Supporting Files */ = {
			isa = PBXGroup;
			children = (
				A0600A2019FAB0D50007D1D9 /* Info.plist */,
			);
			name = "Supporting Files";
			sourceTree = "<group>";
		};
/* End PBXGroup section */

/* Begin PBXNativeTarget section */
		A0600A0519FAB0D50007D1D9 /* beautyGirl */ = {
			isa = PBXNativeTarget;
			buildConfigurationList = A0600A2519FAB0D50007D1D9 /* Build configuration list for PBXNativeTarget "beautyGirl" */;
			buildPhases = (
				A0600A0219FAB0D50007D1D9 /* Sources */,
				A0600A0319FAB0D50007D1D9 /* Frameworks */,
				A0600A0419FAB0D50007D1D9 /* Resources */,
			);
			buildRules = (
			);
			dependencies = (
			);
			name = beautyGirl;
			productName = beautyGirl;
			productReference = A0600A0619FAB0D50007D1D9 /* beautyGirl.app */;
			productType = "com.apple.product-type.application";
		};
		A0600A1A19FAB0D50007D1D9 /* beautyGirlTests */ = {
			isa = PBXNativeTarget;
			buildConfigurationList = A0600A2819FAB0D50007D1D9 /* Build configuration list for PBXNativeTarget "beautyGirlTests" */;
			buildPhases = (
				A0600A1719FAB0D50007D1D9 /* Sources */,
				A0600A1819FAB0D50007D1D9 /* Frameworks */,
				A0600A1919FAB0D50007D1D9 /* Resources */,
			);
			buildRules = (
			);
			dependencies = (
				A0600A1D19FAB0D50007D1D9 /* PBXTargetDependency */,
			);
			name = beautyGirlTests;
			productName = beautyGirlTests;
			productReference = A0600A1B19FAB0D50007D1D9 /* beautyGirlTests.xctest */;
			productType = "com.apple.product-type.bundle.unit-test";
		};
/* End PBXNativeTarget section */

/* Begin PBXProject section */
		A06009FE19FAB0D50007D1D9 /* Project object */ = {
			isa = PBXProject;
			attributes = {
				LastUpgradeCheck = 0610;
				ORGANIZATIONNAME = "洪晨希";
				TargetAttributes = {
					A0600A0519FAB0D50007D1D9 = {
						CreatedOnToolsVersion = 6.1;
					};
					A0600A1A19FAB0D50007D1D9 = {
						CreatedOnToolsVersion = 6.1;
						TestTargetID = A0600A0519FAB0D50007D1D9;
					};
				};
			};
			buildConfigurationList = A0600A0119FAB0D50007D1D9 /* Build configuration list for PBXProject "beautyGirl" */;
			compatibilityVersion = "Xcode 3.2";
			developmentRegion = English;
			hasScannedForEncodings = 0;
			knownRegions = (
				en,
				Base,
			);
			mainGroup = A06009FD19FAB0D50007D1D9;
			productRefGroup = A0600A0719FAB0D50007D1D9 /* Products */;
			projectDirPath = "";
			projectRoot = "";
			targets = (
				A0600A0519FAB0D50007D1D9 /* beautyGirl */,
				A0600A1A19FAB0D50007D1D9 /* beautyGirlTests */,
			);
		};
/* End PBXProject section */

/* Begin PBXResourcesBuildPhase section */
		A0600A0419FAB0D50007D1D9 /* Resources */ = {
			isa = PBXResourcesBuildPhase;
			buildActionMask = 2147483647;
			files = (
				A0600A1119FAB0D50007D1D9 /* Main.storyboard in Resources */,
				A0600A1619FAB0D50007D1D9 /* LaunchScreen.xib in Resources */,
				A0600A1319FAB0D50007D1D9 /* Images.xcassets in Resources */,
			);
			runOnlyForDeploymentPostprocessing = 0;
		};
		A0600A1919FAB0D50007D1D9 /* Resources */ = {
			isa = PBXResourcesBuildPhase;
			buildActionMask = 2147483647;
			files = (
			);
			runOnlyForDeploymentPostprocessing = 0;
		};
/* End PBXResourcesBuildPhase section */

/* Begin PBXSourcesBuildPhase section */
		A0600A0219FAB0D50007D1D9 /* Sources */ = {
			isa = PBXSourcesBuildPhase;
			buildActionMask = 2147483647;
			files = (
				A0600A0E19FAB0D50007D1D9 /* ViewController.swift in Sources */,
				A0600A0C19FAB0D50007D1D9 /* AppDelegate.swift in Sources */,
			);
			runOnlyForDeploymentPostprocessing = 0;
		};
		A0600A1719FAB0D50007D1D9 /* Sources */ = {
			isa = PBXSourcesBuildPhase;
			buildActionMask = 2147483647;
			files = (
				A0600A2219FAB0D50007D1D9 /* beautyGirlTests.swift in Sources */,
			);
			runOnlyForDeploymentPostprocessing = 0;
		};
/* End PBXSourcesBuildPhase section */

/* Begin PBXTargetDependency section */
		A0600A1D19FAB0D50007D1D9 /* PBXTargetDependency */ = {
			isa = PBXTargetDependency;
			target = A0600A0519FAB0D50007D1D9 /* beautyGirl */;
			targetProxy = A0600A1C19FAB0D50007D1D9 /* PBXContainerItemProxy */;
		};
/* End PBXTargetDependency section */

/* Begin PBXVariantGroup section */
		A0600A0F19FAB0D50007D1D9 /* Main.storyboard */ = {
			isa = PBXVariantGroup;
			children = (
				A0600A1019FAB0D50007D1D9 /* Base */,
			);
			name = Main.storyboard;
			sourceTree = "<group>";
		};
		A0600A1419FAB0D50007D1D9 /* LaunchScreen.xib */ = {
			isa = PBXVariantGroup;
			children = (
				A0600A1519FAB0D50007D1D9 /* Base */,
			);
			name = LaunchScreen.xib;
			sourceTree = "<group>";
		};
/* End PBXVariantGroup section */

/* Begin XCBuildConfiguration section */
		A0600A2319FAB0D50007D1D9 /* Debug */ = {
			isa = XCBuildConfiguration;
			buildSettings = {
				ALWAYS_SEARCH_USER_PATHS = NO;
				CLANG_CXX_LANGUAGE_STANDARD = "gnu++0x";
				CLANG_CXX_LIBRARY = "libc++";
				CLANG_ENABLE_MODULES = YES;
				CLANG_ENABLE_OBJC_ARC = YES;
				CLANG_WARN_BOOL_CONVERSION = YES;
				CLANG_WARN_CONSTANT_CONVERSION = YES;
				CLANG_WARN_DIRECT_OBJC_ISA_USAGE = YES_ERROR;
				CLANG_WARN_EMPTY_BODY = YES;
				CLANG_WARN_ENUM_CONVERSION = YES;
				CLANG_WARN_INT_CONVERSION = YES;
				CLANG_WARN_OBJC_ROOT_CLASS = YES_ERROR;
				CLANG_WARN_UNREACHABLE_CODE = YES;
				CLANG_WARN__DUPLICATE_METHOD_MATCH = YES;
				"CODE_SIGN_IDENTITY[sdk=iphoneos*]" = "iPhone Developer";
				COPY_PHASE_STRIP = NO;
				ENABLE_STRICT_OBJC_MSGSEND = YES;
				GCC_C_LANGUAGE_STANDARD = gnu99;
				GCC_DYNAMIC_NO_PIC = NO;
				GCC_OPTIMIZATION_LEVEL = 0;
				GCC_PREPROCESSOR_DEFINITIONS = (
					"DEBUG=1",
					"$(inherited)",
				);
				GCC_SYMBOLS_PRIVATE_EXTERN = NO;
				GCC_WARN_64_TO_32_BIT_CONVERSION = YES;
				GCC_WARN_ABOUT_RETURN_TYPE = YES_ERROR;
				GCC_WARN_UNDECLARED_SELECTOR = YES;
				GCC_WARN_UNINITIALIZED_AUTOS = YES_AGGRESSIVE;
				GCC_WARN_UNUSED_FUNCTION = YES;
				GCC_WARN_UNUSED_VARIABLE = YES;
				IPHONEOS_DEPLOYMENT_TARGET = 8.1;
				MTL_ENABLE_DEBUG_INFO = YES;
				ONLY_ACTIVE_ARCH = YES;
				SDKROOT = iphoneos;
				SWIFT_OPTIMIZATION_LEVEL = "-Onone";
				TARGETED_DEVICE_FAMILY = "1,2";
			};
			name = Debug;
		};
		A0600A2419FAB0D50007D1D9 /* Release */ = {
			isa = XCBuildConfiguration;
			buildSettings = {
				ALWAYS_SEARCH_USER_PATHS = NO;
				CLANG_CXX_LANGUAGE_STANDARD = "gnu++0x";
				CLANG_CXX_LIBRARY = "libc++";
				CLANG_ENABLE_MODULES = YES;
				CLANG_ENABLE_OBJC_ARC = YES;
				CLANG_WARN_BOOL_CONVERSION = YES;
				CLANG_WARN_CONSTANT_CONVERSION = YES;
				CLANG_WARN_DIRECT_OBJC_ISA_USAGE = YES_ERROR;
				CLANG_WARN_EMPTY_BODY = YES;
				CLANG_WARN_ENUM_CONVERSION = YES;
				CLANG_WARN_INT_CONVERSION = YES;
				CLANG_WARN_OBJC_ROOT_CLASS = YES_ERROR;
				CLANG_WARN_UNREACHABLE_CODE = YES;
				CLANG_WARN__DUPLICATE_METHOD_MATCH = YES;
				"CODE_SIGN_IDENTITY[sdk=iphoneos*]" = "iPhone Developer";
				COPY_PHASE_STRIP = YES;
				ENABLE_NS_ASSERTIONS = NO;
				ENABLE_STRICT_OBJC_MSGSEND = YES;
				GCC_C_LANGUAGE_STANDARD = gnu99;
				GCC_WARN_64_TO_32_BIT_CONVERSION = YES;
				GCC_WARN_ABOUT_RETURN_TYPE = YES_ERROR;
				GCC_WARN_UNDECLARED_SELECTOR = YES;
				GCC_WARN_UNINITIALIZED_AUTOS = YES_AGGRESSIVE;
				GCC_WARN_UNUSED_FUNCTION = YES;
				GCC_WARN_UNUSED_VARIABLE = YES;
				IPHONEOS_DEPLOYMENT_TARGET = 8.1;
				MTL_ENABLE_DEBUG_INFO = NO;
				SDKROOT = iphoneos;
				TARGETED_DEVICE_FAMILY = "1,2";
				VALIDATE_PRODUCT = YES;
			};
			name = Release;
		};
		A0600A2619FAB0D50007D1D9 /* Debug */ = {
			isa = XCBuildConfiguration;
			buildSettings = {
				ASSETCATALOG_COMPILER_APPICON_NAME = AppIcon;
				INFOPLIST_FILE = beautyGirl/Info.plist;
				LD_RUNPATH_SEARCH_PATHS = "$(inherited) @executable_path/Frameworks";
				PRODUCT_NAME = "$(TARGET_NAME)";
			};
			name = Debug;
		};
		A0600A2719FAB0D50007D1D9 /* Release */ = {
			isa = XCBuildConfiguration;
			buildSettings = {
				ASSETCATALOG_COMPILER_APPICON_NAME = AppIcon;
				INFOPLIST_FILE = beautyGirl/Info.plist;
				LD_RUNPATH_SEARCH_PATHS = "$(inherited) @executable_path/Frameworks";
				PRODUCT_NAME = "$(TARGET_NAME)";
			};
			name = Release;
		};
		A0600A2919FAB0D50007D1D9 /* Debug */ = {
			isa = XCBuildConfiguration;
			buildSettings = {
				BUNDLE_LOADER = "$(TEST_HOST)";
				FRAMEWORK_SEARCH_PATHS = (
					"$(SDKROOT)/Developer/Library/Frameworks",
					"$(inherited)",
				);
				GCC_PREPROCESSOR_DEFINITIONS = (
					"DEBUG=1",
					"$(inherited)",
				);
				INFOPLIST_FILE = beautyGirlTests/Info.plist;
				LD_RUNPATH_SEARCH_PATHS = "$(inherited) @executable_path/Frameworks @loader_path/Frameworks";
				PRODUCT_NAME = "$(TARGET_NAME)";
				TEST_HOST = "$(BUILT_PRODUCTS_DIR)/beautyGirl.app/beautyGirl";
			};
			name = Debug;
		};
		A0600A2A19FAB0D50007D1D9 /* Release */ = {
			isa = XCBuildConfiguration;
			buildSettings = {
				BUNDLE_LOADER = "$(TEST_HOST)";
				FRAMEWORK_SEARCH_PATHS = (
					"$(SDKROOT)/Developer/Library/Frameworks",
					"$(inherited)",
				);
				INFOPLIST_FILE = beautyGirlTests/Info.plist;
				LD_RUNPATH_SEARCH_PATHS = "$(inherited) @executable_path/Frameworks @loader_path/Frameworks";
				PRODUCT_NAME = "$(TARGET_NAME)";
				TEST_HOST = "$(BUILT_PRODUCTS_DIR)/beautyGirl.app/beautyGirl";
			};
			name = Release;
		};
/* End XCBuildConfiguration section */

/* Begin XCConfigurationList section */
		A0600A0119FAB0D50007D1D9 /* Build configuration list for PBXProject "beautyGirl" */ = {
			isa = XCConfigurationList;
			buildConfigurations = (
				A0600A2319FAB0D50007D1D9 /* Debug */,
				A0600A2419FAB0D50007D1D9 /* Release */,
			);
			defaultConfigurationIsVisible = 0;
			defaultConfigurationName = Release;
		};
		A0600A2519FAB0D50007D1D9 /* Build configuration list for PBXNativeTarget "beautyGirl" */ = {
			isa = XCConfigurationList;
			buildConfigurations = (
				A0600A2619FAB0D50007D1D9 /* Debug */,
				A0600A2719FAB0D50007D1D9 /* Release */,
			);
			defaultConfigurationIsVisible = 0;
		};
		A0600A2819FAB0D50007D1D9 /* Build configuration list for PBXNativeTarget "beautyGirlTests" */ = {
			isa = XCConfigurationList;
			buildConfigurations = (
				A0600A2919FAB0D50007D1D9 /* Debug */,
				A0600A2A19FAB0D50007D1D9 /* Release */,
			);
			defaultConfigurationIsVisible = 0;
		};
/* End XCConfigurationList section */
	};
	rootObject = A06009FE19FAB0D50007D1D9 /* Project object */;
}
