// !$*UTF8*$!
{
	archiveVersion = 1;
	classes = {
	};
	objectVersion = 46;
	objects = {

/* Begin PBXBuildFile section */
		A0A44E5019FA84F0005DA86C /* AppDelegate.swift in Sources */ = {isa = PBXBuildFile; fileRef = A0A44E4F19FA84F0005DA86C /* AppDelegate.swift */; };
		A0A44E5219FA84F0005DA86C /* ViewController.swift in Sources */ = {isa = PBXBuildFile; fileRef = A0A44E5119FA84F0005DA86C /* ViewController.swift */; };
		A0A44E5519FA84F0005DA86C /* Main.storyboard in Resources */ = {isa = PBXBuildFile; fileRef = A0A44E5319FA84F0005DA86C /* Main.storyboard */; };
		A0A44E5719FA84F0005DA86C /* Images.xcassets in Resources */ = {isa = PBXBuildFile; fileRef = A0A44E5619FA84F0005DA86C /* Images.xcassets */; };
		A0A44E5A19FA84F0005DA86C /* LaunchScreen.xib in Resources */ = {isa = PBXBuildFile; fileRef = A0A44E5819FA84F0005DA86C /* LaunchScreen.xib */; };
		A0A44E6619FA84F0005DA86C /* LoveFinderTests.swift in Sources */ = {isa = PBXBuildFile; fileRef = A0A44E6519FA84F0005DA86C /* LoveFinderTests.swift */; };
/* End PBXBuildFile section */

/* Begin PBXContainerItemProxy section */
		A0A44E6019FA84F0005DA86C /* PBXContainerItemProxy */ = {
			isa = PBXContainerItemProxy;
			containerPortal = A0A44E4219FA84F0005DA86C /* Project object */;
			proxyType = 1;
			remoteGlobalIDString = A0A44E4919FA84F0005DA86C;
			remoteInfo = LoveFinder;
		};
/* End PBXContainerItemProxy section */

/* Begin PBXFileReference section */
		A0A44E4A19FA84F0005DA86C /* LoveFinder.app */ = {isa = PBXFileReference; explicitFileType = wrapper.application; includeInIndex = 0; path = LoveFinder.app; sourceTree = BUILT_PRODUCTS_DIR; };
		A0A44E4E19FA84F0005DA86C /* Info.plist */ = {isa = PBXFileReference; lastKnownFileType = text.plist.xml; path = Info.plist; sourceTree = "<group>"; };
		A0A44E4F19FA84F0005DA86C /* AppDelegate.swift */ = {isa = PBXFileReference; lastKnownFileType = sourcecode.swift; path = AppDelegate.swift; sourceTree = "<group>"; };
		A0A44E5119FA84F0005DA86C /* ViewController.swift */ = {isa = PBXFileReference; lastKnownFileType = sourcecode.swift; path = ViewController.swift; sourceTree = "<group>"; };
		A0A44E5419FA84F0005DA86C /* Base */ = {isa = PBXFileReference; lastKnownFileType = file.storyboard; name = Base; path = Base.lproj/Main.storyboard; sourceTree = "<group>"; };
		A0A44E5619FA84F0005DA86C /* Images.xcassets */ = {isa = PBXFileReference; lastKnownFileType = folder.assetcatalog; path = Images.xcassets; sourceTree = "<group>"; };
		A0A44E5919FA84F0005DA86C /* Base */ = {isa = PBXFileReference; lastKnownFileType = file.xib; name = Base; path = Base.lproj/LaunchScreen.xib; sourceTree = "<group>"; };
		A0A44E5F19FA84F0005DA86C /* LoveFinderTests.xctest */ = {isa = PBXFileReference; explicitFileType = wrapper.cfbundle; includeInIndex = 0; path = LoveFinderTests.xctest; sourceTree = BUILT_PRODUCTS_DIR; };
		A0A44E6419FA84F0005DA86C /* Info.plist */ = {isa = PBXFileReference; lastKnownFileType = text.plist.xml; path = Info.plist; sourceTree = "<group>"; };
		A0A44E6519FA84F0005DA86C /* LoveFinderTests.swift */ = {isa = PBXFileReference; lastKnownFileType = sourcecode.swift; path = LoveFinderTests.swift; sourceTree = "<group>"; };
/* End PBXFileReference section */

/* Begin PBXFrameworksBuildPhase section */
		A0A44E4719FA84F0005DA86C /* Frameworks */ = {
			isa = PBXFrameworksBuildPhase;
			buildActionMask = 2147483647;
			files = (
			);
			runOnlyForDeploymentPostprocessing = 0;
		};
		A0A44E5C19FA84F0005DA86C /* Frameworks */ = {
			isa = PBXFrameworksBuildPhase;
			buildActionMask = 2147483647;
			files = (
			);
			runOnlyForDeploymentPostprocessing = 0;
		};
/* End PBXFrameworksBuildPhase section */

/* Begin PBXGroup section */
		A0A44E4119FA84F0005DA86C = {
			isa = PBXGroup;
			children = (
				A0A44E4C19FA84F0005DA86C /* LoveFinder */,
				A0A44E6219FA84F0005DA86C /* LoveFinderTests */,
				A0A44E4B19FA84F0005DA86C /* Products */,
			);
			sourceTree = "<group>";
		};
		A0A44E4B19FA84F0005DA86C /* Products */ = {
			isa = PBXGroup;
			children = (
				A0A44E4A19FA84F0005DA86C /* LoveFinder.app */,
				A0A44E5F19FA84F0005DA86C /* LoveFinderTests.xctest */,
			);
			name = Products;
			sourceTree = "<group>";
		};
		A0A44E4C19FA84F0005DA86C /* LoveFinder */ = {
			isa = PBXGroup;
			children = (
				A0A44E4F19FA84F0005DA86C /* AppDelegate.swift */,
				A0A44E5119FA84F0005DA86C /* ViewController.swift */,
				A0A44E5319FA84F0005DA86C /* Main.storyboard */,
				A0A44E5619FA84F0005DA86C /* Images.xcassets */,
				A0A44E5819FA84F0005DA86C /* LaunchScreen.xib */,
				A0A44E4D19FA84F0005DA86C /* Supporting Files */,
			);
			path = LoveFinder;
			sourceTree = "<group>";
		};
		A0A44E4D19FA84F0005DA86C /* Supporting Files */ = {
			isa = PBXGroup;
			children = (
				A0A44E4E19FA84F0005DA86C /* Info.plist */,
			);
			name = "Supporting Files";
			sourceTree = "<group>";
		};
		A0A44E6219FA84F0005DA86C /* LoveFinderTests */ = {
			isa = PBXGroup;
			children = (
				A0A44E6519FA84F0005DA86C /* LoveFinderTests.swift */,
				A0A44E6319FA84F0005DA86C /* Supporting Files */,
			);
			path = LoveFinderTests;
			sourceTree = "<group>";
		};
		A0A44E6319FA84F0005DA86C /* Supporting Files */ = {
			isa = PBXGroup;
			children = (
				A0A44E6419FA84F0005DA86C /* Info.plist */,
			);
			name = "Supporting Files";
			sourceTree = "<group>";
		};
/* End PBXGroup section */

/* Begin PBXNativeTarget section */
		A0A44E4919FA84F0005DA86C /* LoveFinder */ = {
			isa = PBXNativeTarget;
			buildConfigurationList = A0A44E6919FA84F0005DA86C /* Build configuration list for PBXNativeTarget "LoveFinder" */;
			buildPhases = (
				A0A44E4619FA84F0005DA86C /* Sources */,
				A0A44E4719FA84F0005DA86C /* Frameworks */,
				A0A44E4819FA84F0005DA86C /* Resources */,
			);
			buildRules = (
			);
			dependencies = (
			);
			name = LoveFinder;
			productName = LoveFinder;
			productReference = A0A44E4A19FA84F0005DA86C /* LoveFinder.app */;
			productType = "com.apple.product-type.application";
		};
		A0A44E5E19FA84F0005DA86C /* LoveFinderTests */ = {
			isa = PBXNativeTarget;
			buildConfigurationList = A0A44E6C19FA84F0005DA86C /* Build configuration list for PBXNativeTarget "LoveFinderTests" */;
			buildPhases = (
				A0A44E5B19FA84F0005DA86C /* Sources */,
				A0A44E5C19FA84F0005DA86C /* Frameworks */,
				A0A44E5D19FA84F0005DA86C /* Resources */,
			);
			buildRules = (
			);
			dependencies = (
				A0A44E6119FA84F0005DA86C /* PBXTargetDependency */,
			);
			name = LoveFinderTests;
			productName = LoveFinderTests;
			productReference = A0A44E5F19FA84F0005DA86C /* LoveFinderTests.xctest */;
			productType = "com.apple.product-type.bundle.unit-test";
		};
/* End PBXNativeTarget section */

/* Begin PBXProject section */
		A0A44E4219FA84F0005DA86C /* Project object */ = {
			isa = PBXProject;
			attributes = {
				LastUpgradeCheck = 0610;
				ORGANIZATIONNAME = "洪晨希";
				TargetAttributes = {
					A0A44E4919FA84F0005DA86C = {
						CreatedOnToolsVersion = 6.1;
					};
					A0A44E5E19FA84F0005DA86C = {
						CreatedOnToolsVersion = 6.1;
						TestTargetID = A0A44E4919FA84F0005DA86C;
					};
				};
			};
			buildConfigurationList = A0A44E4519FA84F0005DA86C /* Build configuration list for PBXProject "LoveFinder" */;
			compatibilityVersion = "Xcode 3.2";
			developmentRegion = English;
			hasScannedForEncodings = 0;
			knownRegions = (
				en,
				Base,
			);
			mainGroup = A0A44E4119FA84F0005DA86C;
			productRefGroup = A0A44E4B19FA84F0005DA86C /* Products */;
			projectDirPath = "";
			projectRoot = "";
			targets = (
				A0A44E4919FA84F0005DA86C /* LoveFinder */,
				A0A44E5E19FA84F0005DA86C /* LoveFinderTests */,
			);
		};
/* End PBXProject section */

/* Begin PBXResourcesBuildPhase section */
		A0A44E4819FA84F0005DA86C /* Resources */ = {
			isa = PBXResourcesBuildPhase;
			buildActionMask = 2147483647;
			files = (
				A0A44E5519FA84F0005DA86C /* Main.storyboard in Resources */,
				A0A44E5A19FA84F0005DA86C /* LaunchScreen.xib in Resources */,
				A0A44E5719FA84F0005DA86C /* Images.xcassets in Resources */,
			);
			runOnlyForDeploymentPostprocessing = 0;
		};
		A0A44E5D19FA84F0005DA86C /* Resources */ = {
			isa = PBXResourcesBuildPhase;
			buildActionMask = 2147483647;
			files = (
			);
			runOnlyForDeploymentPostprocessing = 0;
		};
/* End PBXResourcesBuildPhase section */

/* Begin PBXSourcesBuildPhase section */
		A0A44E4619FA84F0005DA86C /* Sources */ = {
			isa = PBXSourcesBuildPhase;
			buildActionMask = 2147483647;
			files = (
				A0A44E5219FA84F0005DA86C /* ViewController.swift in Sources */,
				A0A44E5019FA84F0005DA86C /* AppDelegate.swift in Sources */,
			);
			runOnlyForDeploymentPostprocessing = 0;
		};
		A0A44E5B19FA84F0005DA86C /* Sources */ = {
			isa = PBXSourcesBuildPhase;
			buildActionMask = 2147483647;
			files = (
				A0A44E6619FA84F0005DA86C /* LoveFinderTests.swift in Sources */,
			);
			runOnlyForDeploymentPostprocessing = 0;
		};
/* End PBXSourcesBuildPhase section */

/* Begin PBXTargetDependency section */
		A0A44E6119FA84F0005DA86C /* PBXTargetDependency */ = {
			isa = PBXTargetDependency;
			target = A0A44E4919FA84F0005DA86C /* LoveFinder */;
			targetProxy = A0A44E6019FA84F0005DA86C /* PBXContainerItemProxy */;
		};
/* End PBXTargetDependency section */

/* Begin PBXVariantGroup section */
		A0A44E5319FA84F0005DA86C /* Main.storyboard */ = {
			isa = PBXVariantGroup;
			children = (
				A0A44E5419FA84F0005DA86C /* Base */,
			);
			name = Main.storyboard;
			sourceTree = "<group>";
		};
		A0A44E5819FA84F0005DA86C /* LaunchScreen.xib */ = {
			isa = PBXVariantGroup;
			children = (
				A0A44E5919FA84F0005DA86C /* Base */,
			);
			name = LaunchScreen.xib;
			sourceTree = "<group>";
		};
/* End PBXVariantGroup section */

/* Begin XCBuildConfiguration section */
		A0A44E6719FA84F0005DA86C /* Debug */ = {
			isa = XCBuildConfiguration;
			buildSettings = {
				ALWAYS_SEARCH_USER_PATHS = NO;
				CLANG_CXX_LANGUAGE_STANDARD = "gnu++0x";
				CLANG_CXX_LIBRARY = "libc++";
				CLANG_ENABLE_MODULES = YES;
				CLANG_ENABLE_OBJC_ARC = YES;
				CLANG_WARN_BOOL_CONVERSION = YES;
				CLANG_WARN_CONSTANT_CONVERSION = YES;
				CLANG_WARN_DIRECT_OBJC_ISA_USAGE = YES_ERROR;
				CLANG_WARN_EMPTY_BODY = YES;
				CLANG_WARN_ENUM_CONVERSION = YES;
				CLANG_WARN_INT_CONVERSION = YES;
				CLANG_WARN_OBJC_ROOT_CLASS = YES_ERROR;
				CLANG_WARN_UNREACHABLE_CODE = YES;
				CLANG_WARN__DUPLICATE_METHOD_MATCH = YES;
				"CODE_SIGN_IDENTITY[sdk=iphoneos*]" = "iPhone Developer";
				COPY_PHASE_STRIP = NO;
				ENABLE_STRICT_OBJC_MSGSEND = YES;
				GCC_C_LANGUAGE_STANDARD = gnu99;
				GCC_DYNAMIC_NO_PIC = NO;
				GCC_OPTIMIZATION_LEVEL = 0;
				GCC_PREPROCESSOR_DEFINITIONS = (
					"DEBUG=1",
					"$(inherited)",
				);
				GCC_SYMBOLS_PRIVATE_EXTERN = NO;
				GCC_WARN_64_TO_32_BIT_CONVERSION = YES;
				GCC_WARN_ABOUT_RETURN_TYPE = YES_ERROR;
				GCC_WARN_UNDECLARED_SELECTOR = YES;
				GCC_WARN_UNINITIALIZED_AUTOS = YES_AGGRESSIVE;
				GCC_WARN_UNUSED_FUNCTION = YES;
				GCC_WARN_UNUSED_VARIABLE = YES;
				IPHONEOS_DEPLOYMENT_TARGET = 8.1;
				MTL_ENABLE_DEBUG_INFO = YES;
				ONLY_ACTIVE_ARCH = YES;
				SDKROOT = iphoneos;
				SWIFT_OPTIMIZATION_LEVEL = "-Onone";
				TARGETED_DEVICE_FAMILY = "1,2";
			};
			name = Debug;
		};
		A0A44E6819FA84F0005DA86C /* Release */ = {
			isa = XCBuildConfiguration;
			buildSettings = {
				ALWAYS_SEARCH_USER_PATHS = NO;
				CLANG_CXX_LANGUAGE_STANDARD = "gnu++0x";
				CLANG_CXX_LIBRARY = "libc++";
				CLANG_ENABLE_MODULES = YES;
				CLANG_ENABLE_OBJC_ARC = YES;
				CLANG_WARN_BOOL_CONVERSION = YES;
				CLANG_WARN_CONSTANT_CONVERSION = YES;
				CLANG_WARN_DIRECT_OBJC_ISA_USAGE = YES_ERROR;
				CLANG_WARN_EMPTY_BODY = YES;
				CLANG_WARN_ENUM_CONVERSION = YES;
				CLANG_WARN_INT_CONVERSION = YES;
				CLANG_WARN_OBJC_ROOT_CLASS = YES_ERROR;
				CLANG_WARN_UNREACHABLE_CODE = YES;
				CLANG_WARN__DUPLICATE_METHOD_MATCH = YES;
				"CODE_SIGN_IDENTITY[sdk=iphoneos*]" = "iPhone Developer";
				COPY_PHASE_STRIP = YES;
				ENABLE_NS_ASSERTIONS = NO;
				ENABLE_STRICT_OBJC_MSGSEND = YES;
				GCC_C_LANGUAGE_STANDARD = gnu99;
				GCC_WARN_64_TO_32_BIT_CONVERSION = YES;
				GCC_WARN_ABOUT_RETURN_TYPE = YES_ERROR;
				GCC_WARN_UNDECLARED_SELECTOR = YES;
				GCC_WARN_UNINITIALIZED_AUTOS = YES_AGGRESSIVE;
				GCC_WARN_UNUSED_FUNCTION = YES;
				GCC_WARN_UNUSED_VARIABLE = YES;
				IPHONEOS_DEPLOYMENT_TARGET = 8.1;
				MTL_ENABLE_DEBUG_INFO = NO;
				SDKROOT = iphoneos;
				TARGETED_DEVICE_FAMILY = "1,2";
				VALIDATE_PRODUCT = YES;
			};
			name = Release;
		};
		A0A44E6A19FA84F0005DA86C /* Debug */ = {
			isa = XCBuildConfiguration;
			buildSettings = {
				ASSETCATALOG_COMPILER_APPICON_NAME = AppIcon;
				INFOPLIST_FILE = LoveFinder/Info.plist;
				LD_RUNPATH_SEARCH_PATHS = "$(inherited) @executable_path/Frameworks";
				PRODUCT_NAME = "$(TARGET_NAME)";
			};
			name = Debug;
		};
		A0A44E6B19FA84F0005DA86C /* Release */ = {
			isa = XCBuildConfiguration;
			buildSettings = {
				ASSETCATALOG_COMPILER_APPICON_NAME = AppIcon;
				INFOPLIST_FILE = LoveFinder/Info.plist;
				LD_RUNPATH_SEARCH_PATHS = "$(inherited) @executable_path/Frameworks";
				PRODUCT_NAME = "$(TARGET_NAME)";
			};
			name = Release;
		};
		A0A44E6D19FA84F0005DA86C /* Debug */ = {
			isa = XCBuildConfiguration;
			buildSettings = {
				BUNDLE_LOADER = "$(TEST_HOST)";
				FRAMEWORK_SEARCH_PATHS = (
					"$(SDKROOT)/Developer/Library/Frameworks",
					"$(inherited)",
				);
				GCC_PREPROCESSOR_DEFINITIONS = (
					"DEBUG=1",
					"$(inherited)",
				);
				INFOPLIST_FILE = LoveFinderTests/Info.plist;
				LD_RUNPATH_SEARCH_PATHS = "$(inherited) @executable_path/Frameworks @loader_path/Frameworks";
				PRODUCT_NAME = "$(TARGET_NAME)";
				TEST_HOST = "$(BUILT_PRODUCTS_DIR)/LoveFinder.app/LoveFinder";
			};
			name = Debug;
		};
		A0A44E6E19FA84F0005DA86C /* Release */ = {
			isa = XCBuildConfiguration;
			buildSettings = {
				BUNDLE_LOADER = "$(TEST_HOST)";
				FRAMEWORK_SEARCH_PATHS = (
					"$(SDKROOT)/Developer/Library/Frameworks",
					"$(inherited)",
				);
				INFOPLIST_FILE = LoveFinderTests/Info.plist;
				LD_RUNPATH_SEARCH_PATHS = "$(inherited) @executable_path/Frameworks @loader_path/Frameworks";
				PRODUCT_NAME = "$(TARGET_NAME)";
				TEST_HOST = "$(BUILT_PRODUCTS_DIR)/LoveFinder.app/LoveFinder";
			};
			name = Release;
		};
/* End XCBuildConfiguration section */

/* Begin XCConfigurationList section */
		A0A44E4519FA84F0005DA86C /* Build configuration list for PBXProject "LoveFinder" */ = {
			isa = XCConfigurationList;
			buildConfigurations = (
				A0A44E6719FA84F0005DA86C /* Debug */,
				A0A44E6819FA84F0005DA86C /* Release */,
			);
			defaultConfigurationIsVisible = 0;
			defaultConfigurationName = Release;
		};
		A0A44E6919FA84F0005DA86C /* Build configuration list for PBXNativeTarget "LoveFinder" */ = {
			isa = XCConfigurationList;
			buildConfigurations = (
				A0A44E6A19FA84F0005DA86C /* Debug */,
				A0A44E6B19FA84F0005DA86C /* Release */,
			);
			defaultConfigurationIsVisible = 0;
		};
		A0A44E6C19FA84F0005DA86C /* Build configuration list for PBXNativeTarget "LoveFinderTests" */ = {
			isa = XCConfigurationList;
			buildConfigurations = (
				A0A44E6D19FA84F0005DA86C /* Debug */,
				A0A44E6E19FA84F0005DA86C /* Release */,
			);
			defaultConfigurationIsVisible = 0;
		};
/* End XCConfigurationList section */
	};
	rootObject = A0A44E4219FA84F0005DA86C /* Project object */;
}
